
Microsoft Visual Studio Solution File, Format Version 12.00
# Visual Studio Version 17
VisualStudioVersion = 17.0.32014.148
MinimumVisualStudioVersion = 10.0.40219.1
Project("{FAE04EC0-301F-11D3-BF4B-00C04F79EFBC}") = "MediaPlayer", "MediaPlayer\MediaPlayer.csproj", "{6E94BA6E-0571-4E47-B6C8-218D8E158986}"
EndProject
Global
	GlobalSection(SolutionConfigurationPlatforms) = preSolution
		Debug|Any CPU = Debug|Any CPU
		Release|Any CPU = Release|Any CPU
	EndGlobalSection
	GlobalSection(ProjectConfigurationPlatforms) = postSolution
		{6E94BA6E-0571-4E47-B6C8-218D8E158986}.Debug|Any CPU.ActiveCfg = Debug|Any CPU
		{6E94BA6E-0571-4E47-B6C8-218D8E158986}.Debug|Any CPU.Build.0 = Debug|Any CPU
		{6E94BA6E-0571-4E47-B6C8-218D8E158986}.Release|Any CPU.ActiveCfg = Release|Any CPU
		{6E94BA6E-0571-4E47-B6C8-218D8E158986}.Release|Any CPU.Build.0 = Release|Any CPU
	EndGlobalSection
	GlobalSection(SolutionProperties) = preSolution
		HideSolutionNode = FALSE
	EndGlobalSection
	GlobalSection(ExtensibilityGlobals) = postSolution
		SolutionGuid = {2077D5FF-6CF2-49DA-A950-3B652AFA0C9F}
	EndGlobalSection
EndGlobal
